
Microsoft Visual Studio Solution File, Format Version 12.00
# Visual Studio Version 17
VisualStudioVersion = 17.11.35208.52
MinimumVisualStudioVersion = 10.0.40219.1
Project("{FAE04EC0-301F-11D3-BF4B-00C04F79EFBC}") = "GenericGateway", "GenericGateway\GenericGateway.csproj", "{E25DCE3D-51F3-4EC8-BDBB-E0A9FD9A7C48}"
EndProject
Project("{FAE04EC0-301F-11D3-BF4B-00C04F79EFBC}") = "GenericGateway.Core", "GenericGateway.Core\GenericGateway.Core.csproj", "{D22CCCE8-FA03-440E-BD1D-66C5A92465EC}"
EndProject
Project("{FAE04EC0-301F-11D3-BF4B-00C04F79EFBC}") = "GenericGateway.Infrastructure", "GenericGateway.Infrastructure\GenericGateway.Infrastructure.csproj", "{ECA41A6E-D844-454F-8E38-ED8C75CE8E06}"
EndProject
Project("{2150E333-8FDC-42A3-9474-1A3956D46DE8}") = "Tests", "Tests", "{C637FF20-91A6-414C-B476-10123E795CD3}"
EndProject
Project("{FAE04EC0-301F-11D3-BF4B-00C04F79EFBC}") = "GenericGateway.Tests.UnitTests", "GenericGateway.Tests.UnitTests\GenericGateway.Tests.UnitTests.csproj", "{A1D44885-AAD8-4449-91F6-B484B9F78D96}"
EndProject
Project("{FAE04EC0-301F-11D3-BF4B-00C04F79EFBC}") = "GenericGateway.Tests.IntegrationTests", "GenericGateway.Tests.IntegrationTests\GenericGateway.Tests.IntegrationTests.csproj", "{6E736299-889B-455F-884D-3E711EF85B56}"
EndProject
Global
	GlobalSection(SolutionConfigurationPlatforms) = preSolution
		Debug|Any CPU = Debug|Any CPU
		Release|Any CPU = Release|Any CPU
	EndGlobalSection
	GlobalSection(ProjectConfigurationPlatforms) = postSolution
		{E25DCE3D-51F3-4EC8-BDBB-E0A9FD9A7C48}.Debug|Any CPU.ActiveCfg = Debug|Any CPU
		{E25DCE3D-51F3-4EC8-BDBB-E0A9FD9A7C48}.Debug|Any CPU.Build.0 = Debug|Any CPU
		{E25DCE3D-51F3-4EC8-BDBB-E0A9FD9A7C48}.Release|Any CPU.ActiveCfg = Release|Any CPU
		{E25DCE3D-51F3-4EC8-BDBB-E0A9FD9A7C48}.Release|Any CPU.Build.0 = Release|Any CPU
		{D22CCCE8-FA03-440E-BD1D-66C5A92465EC}.Debug|Any CPU.ActiveCfg = Debug|Any CPU
		{D22CCCE8-FA03-440E-BD1D-66C5A92465EC}.Debug|Any CPU.Build.0 = Debug|Any CPU
		{D22CCCE8-FA03-440E-BD1D-66C5A92465EC}.Release|Any CPU.ActiveCfg = Release|Any CPU
		{D22CCCE8-FA03-440E-BD1D-66C5A92465EC}.Release|Any CPU.Build.0 = Release|Any CPU
		{ECA41A6E-D844-454F-8E38-ED8C75CE8E06}.Debug|Any CPU.ActiveCfg = Debug|Any CPU
		{ECA41A6E-D844-454F-8E38-ED8C75CE8E06}.Debug|Any CPU.Build.0 = Debug|Any CPU
		{ECA41A6E-D844-454F-8E38-ED8C75CE8E06}.Release|Any CPU.ActiveCfg = Release|Any CPU
		{ECA41A6E-D844-454F-8E38-ED8C75CE8E06}.Release|Any CPU.Build.0 = Release|Any CPU
		{A1D44885-AAD8-4449-91F6-B484B9F78D96}.Debug|Any CPU.ActiveCfg = Debug|Any CPU
		{A1D44885-AAD8-4449-91F6-B484B9F78D96}.Debug|Any CPU.Build.0 = Debug|Any CPU
		{A1D44885-AAD8-4449-91F6-B484B9F78D96}.Release|Any CPU.ActiveCfg = Release|Any CPU
		{A1D44885-AAD8-4449-91F6-B484B9F78D96}.Release|Any CPU.Build.0 = Release|Any CPU
		{6E736299-889B-455F-884D-3E711EF85B56}.Debug|Any CPU.ActiveCfg = Debug|Any CPU
		{6E736299-889B-455F-884D-3E711EF85B56}.Debug|Any CPU.Build.0 = Debug|Any CPU
		{6E736299-889B-455F-884D-3E711EF85B56}.Release|Any CPU.ActiveCfg = Release|Any CPU
		{6E736299-889B-455F-884D-3E711EF85B56}.Release|Any CPU.Build.0 = Release|Any CPU
	EndGlobalSection
	GlobalSection(SolutionProperties) = preSolution
		HideSolutionNode = FALSE
	EndGlobalSection
	GlobalSection(NestedProjects) = preSolution
		{A1D44885-AAD8-4449-91F6-B484B9F78D96} = {C637FF20-91A6-414C-B476-10123E795CD3}
		{6E736299-889B-455F-884D-3E711EF85B56} = {C637FF20-91A6-414C-B476-10123E795CD3}
	EndGlobalSection
	GlobalSection(ExtensibilityGlobals) = postSolution
		SolutionGuid = {F07804FC-8772-47D0-A551-A00E918F5A6E}
	EndGlobalSection
EndGlobal
